
Microsoft Visual Studio Solution File, Format Version 12.00
# Visual Studio Version 17
VisualStudioVersion = 17.7.34221.43
MinimumVisualStudioVersion = 10.0.40219.1
Project("{FAE04EC0-301F-11D3-BF4B-00C04F79EFBC}") = "ServicesProject", "ServicesProject\ServicesProject.csproj", "{4DFA3137-4FDC-496C-968B-B8FD1A3A0F8A}"
EndProject
Global
	GlobalSection(SolutionConfigurationPlatforms) = preSolution
		Debug|Any CPU = Debug|Any CPU
		Release|Any CPU = Release|Any CPU
	EndGlobalSection
	GlobalSection(ProjectConfigurationPlatforms) = postSolution
		{4DFA3137-4FDC-496C-968B-B8FD1A3A0F8A}.Debug|Any CPU.ActiveCfg = Debug|Any CPU
		{4DFA3137-4FDC-496C-968B-B8FD1A3A0F8A}.Debug|Any CPU.Build.0 = Debug|Any CPU
		{4DFA3137-4FDC-496C-968B-B8FD1A3A0F8A}.Release|Any CPU.ActiveCfg = Release|Any CPU
		{4DFA3137-4FDC-496C-968B-B8FD1A3A0F8A}.Release|Any CPU.Build.0 = Release|Any CPU
	EndGlobalSection
	GlobalSection(SolutionProperties) = preSolution
		HideSolutionNode = FALSE
	EndGlobalSection
	GlobalSection(ExtensibilityGlobals) = postSolution
		SolutionGuid = {D9425AC5-6A13-467A-87A0-935C76823DFE}
	EndGlobalSection
EndGlobal
